
Microsoft Visual Studio Solution File, Format Version 12.00
# Visual Studio 15
VisualStudioVersion = 15.0.26124.0
MinimumVisualStudioVersion = 15.0.26124.0
Project("{2150E333-8FDC-42A3-9474-1A3956D46DE8}") = "Src", "Src", "{3C2CD0D2-BF76-490B-B17E-9674AFAAFB04}"
EndProject
Project("{FAE04EC0-301F-11D3-BF4B-00C04F79EFBC}") = "Application", "Src\Application\Application.csproj", "{6B467423-5504-4E1F-A34D-FCC55AEFAE4F}"
EndProject
Project("{FAE04EC0-301F-11D3-BF4B-00C04F79EFBC}") = "Domain", "Src\Domain\Domain.csproj", "{9D0BF947-9639-461E-9CBB-68155A4ED4E9}"
EndProject
Project("{FAE04EC0-301F-11D3-BF4B-00C04F79EFBC}") = "Infrastructure", "Src\Infrastructure\Infrastructure.csproj", "{D6D693CE-D758-471A-ADE4-02AA35C25D34}"
EndProject
Project("{FAE04EC0-301F-11D3-BF4B-00C04F79EFBC}") = "Server", "Src\Server\Server.csproj", "{E3C6FD97-2FFB-4E59-840D-12399C96CC78}"
EndProject
Global
	GlobalSection(SolutionConfigurationPlatforms) = preSolution
		Debug|Any CPU = Debug|Any CPU
		Debug|x64 = Debug|x64
		Debug|x86 = Debug|x86
		Release|Any CPU = Release|Any CPU
		Release|x64 = Release|x64
		Release|x86 = Release|x86
	EndGlobalSection
	GlobalSection(SolutionProperties) = preSolution
		HideSolutionNode = FALSE
	EndGlobalSection
	GlobalSection(ProjectConfigurationPlatforms) = postSolution
		{6B467423-5504-4E1F-A34D-FCC55AEFAE4F}.Debug|Any CPU.ActiveCfg = Debug|Any CPU
		{6B467423-5504-4E1F-A34D-FCC55AEFAE4F}.Debug|Any CPU.Build.0 = Debug|Any CPU
		{6B467423-5504-4E1F-A34D-FCC55AEFAE4F}.Debug|x64.ActiveCfg = Debug|Any CPU
		{6B467423-5504-4E1F-A34D-FCC55AEFAE4F}.Debug|x64.Build.0 = Debug|Any CPU
		{6B467423-5504-4E1F-A34D-FCC55AEFAE4F}.Debug|x86.ActiveCfg = Debug|Any CPU
		{6B467423-5504-4E1F-A34D-FCC55AEFAE4F}.Debug|x86.Build.0 = Debug|Any CPU
		{6B467423-5504-4E1F-A34D-FCC55AEFAE4F}.Release|Any CPU.ActiveCfg = Release|Any CPU
		{6B467423-5504-4E1F-A34D-FCC55AEFAE4F}.Release|Any CPU.Build.0 = Release|Any CPU
		{6B467423-5504-4E1F-A34D-FCC55AEFAE4F}.Release|x64.ActiveCfg = Release|Any CPU
		{6B467423-5504-4E1F-A34D-FCC55AEFAE4F}.Release|x64.Build.0 = Release|Any CPU
		{6B467423-5504-4E1F-A34D-FCC55AEFAE4F}.Release|x86.ActiveCfg = Release|Any CPU
		{6B467423-5504-4E1F-A34D-FCC55AEFAE4F}.Release|x86.Build.0 = Release|Any CPU
		{9D0BF947-9639-461E-9CBB-68155A4ED4E9}.Debug|Any CPU.ActiveCfg = Debug|Any CPU
		{9D0BF947-9639-461E-9CBB-68155A4ED4E9}.Debug|Any CPU.Build.0 = Debug|Any CPU
		{9D0BF947-9639-461E-9CBB-68155A4ED4E9}.Debug|x64.ActiveCfg = Debug|Any CPU
		{9D0BF947-9639-461E-9CBB-68155A4ED4E9}.Debug|x64.Build.0 = Debug|Any CPU
		{9D0BF947-9639-461E-9CBB-68155A4ED4E9}.Debug|x86.ActiveCfg = Debug|Any CPU
		{9D0BF947-9639-461E-9CBB-68155A4ED4E9}.Debug|x86.Build.0 = Debug|Any CPU
		{9D0BF947-9639-461E-9CBB-68155A4ED4E9}.Release|Any CPU.ActiveCfg = Release|Any CPU
		{9D0BF947-9639-461E-9CBB-68155A4ED4E9}.Release|Any CPU.Build.0 = Release|Any CPU
		{9D0BF947-9639-461E-9CBB-68155A4ED4E9}.Release|x64.ActiveCfg = Release|Any CPU
		{9D0BF947-9639-461E-9CBB-68155A4ED4E9}.Release|x64.Build.0 = Release|Any CPU
		{9D0BF947-9639-461E-9CBB-68155A4ED4E9}.Release|x86.ActiveCfg = Release|Any CPU
		{9D0BF947-9639-461E-9CBB-68155A4ED4E9}.Release|x86.Build.0 = Release|Any CPU
		{D6D693CE-D758-471A-ADE4-02AA35C25D34}.Debug|Any CPU.ActiveCfg = Debug|Any CPU
		{D6D693CE-D758-471A-ADE4-02AA35C25D34}.Debug|Any CPU.Build.0 = Debug|Any CPU
		{D6D693CE-D758-471A-ADE4-02AA35C25D34}.Debug|x64.ActiveCfg = Debug|Any CPU
		{D6D693CE-D758-471A-ADE4-02AA35C25D34}.Debug|x64.Build.0 = Debug|Any CPU
		{D6D693CE-D758-471A-ADE4-02AA35C25D34}.Debug|x86.ActiveCfg = Debug|Any CPU
		{D6D693CE-D758-471A-ADE4-02AA35C25D34}.Debug|x86.Build.0 = Debug|Any CPU
		{D6D693CE-D758-471A-ADE4-02AA35C25D34}.Release|Any CPU.ActiveCfg = Release|Any CPU
		{D6D693CE-D758-471A-ADE4-02AA35C25D34}.Release|Any CPU.Build.0 = Release|Any CPU
		{D6D693CE-D758-471A-ADE4-02AA35C25D34}.Release|x64.ActiveCfg = Release|Any CPU
		{D6D693CE-D758-471A-ADE4-02AA35C25D34}.Release|x64.Build.0 = Release|Any CPU
		{D6D693CE-D758-471A-ADE4-02AA35C25D34}.Release|x86.ActiveCfg = Release|Any CPU
		{D6D693CE-D758-471A-ADE4-02AA35C25D34}.Release|x86.Build.0 = Release|Any CPU
		{E3C6FD97-2FFB-4E59-840D-12399C96CC78}.Debug|Any CPU.ActiveCfg = Debug|Any CPU
		{E3C6FD97-2FFB-4E59-840D-12399C96CC78}.Debug|Any CPU.Build.0 = Debug|Any CPU
		{E3C6FD97-2FFB-4E59-840D-12399C96CC78}.Debug|x64.ActiveCfg = Debug|Any CPU
		{E3C6FD97-2FFB-4E59-840D-12399C96CC78}.Debug|x64.Build.0 = Debug|Any CPU
		{E3C6FD97-2FFB-4E59-840D-12399C96CC78}.Debug|x86.ActiveCfg = Debug|Any CPU
		{E3C6FD97-2FFB-4E59-840D-12399C96CC78}.Debug|x86.Build.0 = Debug|Any CPU
		{E3C6FD97-2FFB-4E59-840D-12399C96CC78}.Release|Any CPU.ActiveCfg = Release|Any CPU
		{E3C6FD97-2FFB-4E59-840D-12399C96CC78}.Release|Any CPU.Build.0 = Release|Any CPU
		{E3C6FD97-2FFB-4E59-840D-12399C96CC78}.Release|x64.ActiveCfg = Release|Any CPU
		{E3C6FD97-2FFB-4E59-840D-12399C96CC78}.Release|x64.Build.0 = Release|Any CPU
		{E3C6FD97-2FFB-4E59-840D-12399C96CC78}.Release|x86.ActiveCfg = Release|Any CPU
		{E3C6FD97-2FFB-4E59-840D-12399C96CC78}.Release|x86.Build.0 = Release|Any CPU
	EndGlobalSection
	GlobalSection(NestedProjects) = preSolution
		{6B467423-5504-4E1F-A34D-FCC55AEFAE4F} = {3C2CD0D2-BF76-490B-B17E-9674AFAAFB04}
		{9D0BF947-9639-461E-9CBB-68155A4ED4E9} = {3C2CD0D2-BF76-490B-B17E-9674AFAAFB04}
		{D6D693CE-D758-471A-ADE4-02AA35C25D34} = {3C2CD0D2-BF76-490B-B17E-9674AFAAFB04}
		{E3C6FD97-2FFB-4E59-840D-12399C96CC78} = {3C2CD0D2-BF76-490B-B17E-9674AFAAFB04}
	EndGlobalSection
EndGlobal
